
Microsoft Visual Studio Solution File, Format Version 12.00
# Visual Studio Version 17
VisualStudioVersion = 17.1.32421.90
MinimumVisualStudioVersion = 10.0.40219.1
Project("{9A19103F-16F7-4668-BE54-9A1E7A4F7556}") = "RoughCut.Web", "RoughCut.Web\RoughCut.Web.csproj", "{996AFD44-377A-41BB-98AE-EA75F11EACFA}"
EndProject
Project("{2150E333-8FDC-42A3-9474-1A3956D46DE8}") = "Solution Items", "Solution Items", "{CFBC6DA4-1061-427E-BEFA-0130C5B0E9EA}"
	ProjectSection(SolutionItems) = preProject
		..\.editorconfig = ..\.editorconfig
		..\.gitignore = ..\.gitignore
	EndProjectSection
EndProject
Global
	GlobalSection(SolutionConfigurationPlatforms) = preSolution
		Debug|Any CPU = Debug|Any CPU
		Release|Any CPU = Release|Any CPU
	EndGlobalSection
	GlobalSection(ProjectConfigurationPlatforms) = postSolution
		{996AFD44-377A-41BB-98AE-EA75F11EACFA}.Debug|Any CPU.ActiveCfg = Debug|Any CPU
		{996AFD44-377A-41BB-98AE-EA75F11EACFA}.Debug|Any CPU.Build.0 = Debug|Any CPU
		{996AFD44-377A-41BB-98AE-EA75F11EACFA}.Release|Any CPU.ActiveCfg = Release|Any CPU
		{996AFD44-377A-41BB-98AE-EA75F11EACFA}.Release|Any CPU.Build.0 = Release|Any CPU
	EndGlobalSection
	GlobalSection(SolutionProperties) = preSolution
		HideSolutionNode = FALSE
	EndGlobalSection
	GlobalSection(ExtensibilityGlobals) = postSolution
		SolutionGuid = {A8F8C935-F57B-49AC-9A39-4D1468D4E5DA}
	EndGlobalSection
EndGlobal
